// !$*UTF8*$!
{
	archiveVersion = 1;
	classes = {
	};
	objectVersion = 56;
	objects = {

/* Begin PBXBuildFile section */
		2B6BD9872AF25421005C70E5 /* QRMatrix.h in Headers */ = {isa = PBXBuildFile; fileRef = 2B6BD9862AF25421005C70E5 /* QRMatrix.h */; settings = {ATTRIBUTES = (Public, ); }; };
		2B6BD9B92AF2555A005C70E5 /* QRMatrixLib.h in Headers */ = {isa = PBXBuildFile; fileRef = 2B6BD9B72AF2555A005C70E5 /* QRMatrixLib.h */; settings = {ATTRIBUTES = (Public, ); }; };
		2B6BD9BA2AF2555A005C70E5 /* QRMatrixLib.mm in Sources */ = {isa = PBXBuildFile; fileRef = 2B6BD9B82AF2555A005C70E5 /* QRMatrixLib.mm */; };
		2B6BDA092AF2645C005C70E5 /* CoreGraphics.framework in Frameworks */ = {isa = PBXBuildFile; fileRef = 2B6BDA082AF2645B005C70E5 /* CoreGraphics.framework */; };
		2B6BDA4F2AF276C4005C70E5 /* AppKit.framework in Frameworks */ = {isa = PBXBuildFile; fileRef = 2B6BDA4E2AF276C4005C70E5 /* AppKit.framework */; };
		2BADFE202B063D8300A7A25F /* latinstring.cpp in Sources */ = {isa = PBXBuildFile; fileRef = 2BADFDFB2B063D8300A7A25F /* latinstring.cpp */; };
		2BADFE212B063D8300A7A25F /* latinstring.h in Headers */ = {isa = PBXBuildFile; fileRef = 2BADFDFC2B063D8300A7A25F /* latinstring.h */; };
		2BADFE222B063D8300A7A25F /* shiftjisstring.cpp in Sources */ = {isa = PBXBuildFile; fileRef = 2BADFDFD2B063D8300A7A25F /* shiftjisstring.cpp */; };
		2BADFE232B063D8300A7A25F /* shiftjisstring.h in Headers */ = {isa = PBXBuildFile; fileRef = 2BADFDFE2B063D8300A7A25F /* shiftjisstring.h */; };
		2BADFE242B063D8300A7A25F /* shiftjisstringmap.cpp in Sources */ = {isa = PBXBuildFile; fileRef = 2BADFDFF2B063D8300A7A25F /* shiftjisstringmap.cpp */; };
		2BADFE252B063D8300A7A25F /* shiftjisstringmap.h in Headers */ = {isa = PBXBuildFile; fileRef = 2BADFE002B063D8300A7A25F /* shiftjisstringmap.h */; };
		2BADFE262B063D8300A7A25F /* unicodepoint.cpp in Sources */ = {isa = PBXBuildFile; fileRef = 2BADFE012B063D8300A7A25F /* unicodepoint.cpp */; };
		2BADFE272B063D8300A7A25F /* unicodepoint.h in Headers */ = {isa = PBXBuildFile; fileRef = 2BADFE022B063D8300A7A25F /* unicodepoint.h */; };
		2BADFE282B063D8300A7A25F /* utf16string.cpp in Sources */ = {isa = PBXBuildFile; fileRef = 2BADFE032B063D8300A7A25F /* utf16string.cpp */; };
		2BADFE292B063D8300A7A25F /* utf16string.h in Headers */ = {isa = PBXBuildFile; fileRef = 2BADFE042B063D8300A7A25F /* utf16string.h */; };
		2BADFE2A2B063D8300A7A25F /* utf8string.cpp in Sources */ = {isa = PBXBuildFile; fileRef = 2BADFE052B063D8300A7A25F /* utf8string.cpp */; };
		2BADFE2B2B063D8300A7A25F /* utf8string.h in Headers */ = {isa = PBXBuildFile; fileRef = 2BADFE062B063D8300A7A25F /* utf8string.h */; };
		2BADFE2C2B063D8300A7A25F /* common.cpp in Sources */ = {isa = PBXBuildFile; fileRef = 2BADFE082B063D8300A7A25F /* common.cpp */; };
		2BADFE2D2B063D8300A7A25F /* common.h in Headers */ = {isa = PBXBuildFile; fileRef = 2BADFE092B063D8300A7A25F /* common.h */; };
		2BADFE2E2B063D8300A7A25F /* constants.h in Headers */ = {isa = PBXBuildFile; fileRef = 2BADFE0A2B063D8300A7A25F /* constants.h */; };
		2BADFE2F2B063D8300A7A25F /* alphanumericencoder.cpp in Sources */ = {isa = PBXBuildFile; fileRef = 2BADFE0C2B063D8300A7A25F /* alphanumericencoder.cpp */; };
		2BADFE302B063D8300A7A25F /* alphanumericencoder.h in Headers */ = {isa = PBXBuildFile; fileRef = 2BADFE0D2B063D8300A7A25F /* alphanumericencoder.h */; };
		2BADFE312B063D8300A7A25F /* kanjiencoder.cpp in Sources */ = {isa = PBXBuildFile; fileRef = 2BADFE0E2B063D8300A7A25F /* kanjiencoder.cpp */; };
		2BADFE322B063D8300A7A25F /* kanjiencoder.h in Headers */ = {isa = PBXBuildFile; fileRef = 2BADFE0F2B063D8300A7A25F /* kanjiencoder.h */; };
		2BADFE332B063D8300A7A25F /* numericencoder.cpp in Sources */ = {isa = PBXBuildFile; fileRef = 2BADFE102B063D8300A7A25F /* numericencoder.cpp */; };
		2BADFE342B063D8300A7A25F /* numericencoder.h in Headers */ = {isa = PBXBuildFile; fileRef = 2BADFE112B063D8300A7A25F /* numericencoder.h */; };
		2BADFE352B063D8300A7A25F /* qrmatrixexception.cpp in Sources */ = {isa = PBXBuildFile; fileRef = 2BADFE132B063D8300A7A25F /* qrmatrixexception.cpp */; };
		2BADFE362B063D8300A7A25F /* qrmatrixexception.h in Headers */ = {isa = PBXBuildFile; fileRef = 2BADFE142B063D8300A7A25F /* qrmatrixexception.h */; };
		2BADFE372B063D8300A7A25F /* polynomial.cpp in Sources */ = {isa = PBXBuildFile; fileRef = 2BADFE162B063D8300A7A25F /* polynomial.cpp */; };
		2BADFE382B063D8300A7A25F /* polynomial.h in Headers */ = {isa = PBXBuildFile; fileRef = 2BADFE172B063D8300A7A25F /* polynomial.h */; };
		2BADFE392B063D8300A7A25F /* qrmatrixboard.cpp in Sources */ = {isa = PBXBuildFile; fileRef = 2BADFE182B063D8300A7A25F /* qrmatrixboard.cpp */; };
		2BADFE3A2B063D8300A7A25F /* qrmatrixboard.h in Headers */ = {isa = PBXBuildFile; fileRef = 2BADFE192B063D8300A7A25F /* qrmatrixboard.h */; };
		2BADFE3B2B063D8300A7A25F /* qrmatrixencoder.cpp in Sources */ = {isa = PBXBuildFile; fileRef = 2BADFE1A2B063D8300A7A25F /* qrmatrixencoder.cpp */; };
		2BADFE3C2B063D8300A7A25F /* qrmatrixencoder.h in Headers */ = {isa = PBXBuildFile; fileRef = 2BADFE1B2B063D8300A7A25F /* qrmatrixencoder.h */; };
		2BADFE3D2B063D8300A7A25F /* qrmatrixextramode.cpp in Sources */ = {isa = PBXBuildFile; fileRef = 2BADFE1C2B063D8300A7A25F /* qrmatrixextramode.cpp */; };
		2BADFE3E2B063D8300A7A25F /* qrmatrixextramode.h in Headers */ = {isa = PBXBuildFile; fileRef = 2BADFE1D2B063D8300A7A25F /* qrmatrixextramode.h */; };
		2BADFE3F2B063D8300A7A25F /* qrmatrixsegment.cpp in Sources */ = {isa = PBXBuildFile; fileRef = 2BADFE1E2B063D8300A7A25F /* qrmatrixsegment.cpp */; };
		2BADFE402B063D8300A7A25F /* qrmatrixsegment.h in Headers */ = {isa = PBXBuildFile; fileRef = 2BADFE1F2B063D8300A7A25F /* qrmatrixsegment.h */; };
/* End PBXBuildFile section */

/* Begin PBXFileReference section */
		2B6BD9832AF25421005C70E5 /* QRMatrix.framework */ = {isa = PBXFileReference; explicitFileType = wrapper.framework; includeInIndex = 0; path = QRMatrix.framework; sourceTree = BUILT_PRODUCTS_DIR; };
		2B6BD9862AF25421005C70E5 /* QRMatrix.h */ = {isa = PBXFileReference; lastKnownFileType = sourcecode.c.h; path = QRMatrix.h; sourceTree = "<group>"; };
		2B6BD9B72AF2555A005C70E5 /* QRMatrixLib.h */ = {isa = PBXFileReference; lastKnownFileType = sourcecode.c.h; path = QRMatrixLib.h; sourceTree = "<group>"; };
		2B6BD9B82AF2555A005C70E5 /* QRMatrixLib.mm */ = {isa = PBXFileReference; lastKnownFileType = sourcecode.cpp.objcpp; path = QRMatrixLib.mm; sourceTree = "<group>"; };
		2B6BDA082AF2645B005C70E5 /* CoreGraphics.framework */ = {isa = PBXFileReference; lastKnownFileType = wrapper.framework; name = CoreGraphics.framework; path = Platforms/MacOSX.platform/Developer/SDKs/MacOSX13.1.sdk/System/Library/Frameworks/CoreGraphics.framework; sourceTree = DEVELOPER_DIR; };
		2B6BDA4E2AF276C4005C70E5 /* AppKit.framework */ = {isa = PBXFileReference; lastKnownFileType = wrapper.framework; name = AppKit.framework; path = System/Library/Frameworks/AppKit.framework; sourceTree = SDKROOT; };
		2BADFDFB2B063D8300A7A25F /* latinstring.cpp */ = {isa = PBXFileReference; fileEncoding = 4; lastKnownFileType = sourcecode.cpp.cpp; path = latinstring.cpp; sourceTree = "<group>"; };
		2BADFDFC2B063D8300A7A25F /* latinstring.h */ = {isa = PBXFileReference; fileEncoding = 4; lastKnownFileType = sourcecode.c.h; path = latinstring.h; sourceTree = "<group>"; };
		2BADFDFD2B063D8300A7A25F /* shiftjisstring.cpp */ = {isa = PBXFileReference; fileEncoding = 4; lastKnownFileType = sourcecode.cpp.cpp; path = shiftjisstring.cpp; sourceTree = "<group>"; };
		2BADFDFE2B063D8300A7A25F /* shiftjisstring.h */ = {isa = PBXFileReference; fileEncoding = 4; lastKnownFileType = sourcecode.c.h; path = shiftjisstring.h; sourceTree = "<group>"; };
		2BADFDFF2B063D8300A7A25F /* shiftjisstringmap.cpp */ = {isa = PBXFileReference; fileEncoding = 4; lastKnownFileType = sourcecode.cpp.cpp; path = shiftjisstringmap.cpp; sourceTree = "<group>"; };
		2BADFE002B063D8300A7A25F /* shiftjisstringmap.h */ = {isa = PBXFileReference; fileEncoding = 4; lastKnownFileType = sourcecode.c.h; path = shiftjisstringmap.h; sourceTree = "<group>"; };
		2BADFE012B063D8300A7A25F /* unicodepoint.cpp */ = {isa = PBXFileReference; fileEncoding = 4; lastKnownFileType = sourcecode.cpp.cpp; path = unicodepoint.cpp; sourceTree = "<group>"; };
		2BADFE022B063D8300A7A25F /* unicodepoint.h */ = {isa = PBXFileReference; fileEncoding = 4; lastKnownFileType = sourcecode.c.h; path = unicodepoint.h; sourceTree = "<group>"; };
		2BADFE032B063D8300A7A25F /* utf16string.cpp */ = {isa = PBXFileReference; fileEncoding = 4; lastKnownFileType = sourcecode.cpp.cpp; path = utf16string.cpp; sourceTree = "<group>"; };
		2BADFE042B063D8300A7A25F /* utf16string.h */ = {isa = PBXFileReference; fileEncoding = 4; lastKnownFileType = sourcecode.c.h; path = utf16string.h; sourceTree = "<group>"; };
		2BADFE052B063D8300A7A25F /* utf8string.cpp */ = {isa = PBXFileReference; fileEncoding = 4; lastKnownFileType = sourcecode.cpp.cpp; path = utf8string.cpp; sourceTree = "<group>"; };
		2BADFE062B063D8300A7A25F /* utf8string.h */ = {isa = PBXFileReference; fileEncoding = 4; lastKnownFileType = sourcecode.c.h; path = utf8string.h; sourceTree = "<group>"; };
		2BADFE082B063D8300A7A25F /* common.cpp */ = {isa = PBXFileReference; fileEncoding = 4; lastKnownFileType = sourcecode.cpp.cpp; path = common.cpp; sourceTree = "<group>"; };
		2BADFE092B063D8300A7A25F /* common.h */ = {isa = PBXFileReference; fileEncoding = 4; lastKnownFileType = sourcecode.c.h; path = common.h; sourceTree = "<group>"; };
		2BADFE0A2B063D8300A7A25F /* constants.h */ = {isa = PBXFileReference; fileEncoding = 4; lastKnownFileType = sourcecode.c.h; path = constants.h; sourceTree = "<group>"; };
		2BADFE0C2B063D8300A7A25F /* alphanumericencoder.cpp */ = {isa = PBXFileReference; fileEncoding = 4; lastKnownFileType = sourcecode.cpp.cpp; path = alphanumericencoder.cpp; sourceTree = "<group>"; };
		2BADFE0D2B063D8300A7A25F /* alphanumericencoder.h */ = {isa = PBXFileReference; fileEncoding = 4; lastKnownFileType = sourcecode.c.h; path = alphanumericencoder.h; sourceTree = "<group>"; };
		2BADFE0E2B063D8300A7A25F /* kanjiencoder.cpp */ = {isa = PBXFileReference; fileEncoding = 4; lastKnownFileType = sourcecode.cpp.cpp; path = kanjiencoder.cpp; sourceTree = "<group>"; };
		2BADFE0F2B063D8300A7A25F /* kanjiencoder.h */ = {isa = PBXFileReference; fileEncoding = 4; lastKnownFileType = sourcecode.c.h; path = kanjiencoder.h; sourceTree = "<group>"; };
		2BADFE102B063D8300A7A25F /* numericencoder.cpp */ = {isa = PBXFileReference; fileEncoding = 4; lastKnownFileType = sourcecode.cpp.cpp; path = numericencoder.cpp; sourceTree = "<group>"; };
		2BADFE112B063D8300A7A25F /* numericencoder.h */ = {isa = PBXFileReference; fileEncoding = 4; lastKnownFileType = sourcecode.c.h; path = numericencoder.h; sourceTree = "<group>"; };
		2BADFE132B063D8300A7A25F /* qrmatrixexception.cpp */ = {isa = PBXFileReference; fileEncoding = 4; lastKnownFileType = sourcecode.cpp.cpp; path = qrmatrixexception.cpp; sourceTree = "<group>"; };
		2BADFE142B063D8300A7A25F /* qrmatrixexception.h */ = {isa = PBXFileReference; fileEncoding = 4; lastKnownFileType = sourcecode.c.h; path = qrmatrixexception.h; sourceTree = "<group>"; };
		2BADFE162B063D8300A7A25F /* polynomial.cpp */ = {isa = PBXFileReference; fileEncoding = 4; lastKnownFileType = sourcecode.cpp.cpp; path = polynomial.cpp; sourceTree = "<group>"; };
		2BADFE172B063D8300A7A25F /* polynomial.h */ = {isa = PBXFileReference; fileEncoding = 4; lastKnownFileType = sourcecode.c.h; path = polynomial.h; sourceTree = "<group>"; };
		2BADFE182B063D8300A7A25F /* qrmatrixboard.cpp */ = {isa = PBXFileReference; fileEncoding = 4; lastKnownFileType = sourcecode.cpp.cpp; path = qrmatrixboard.cpp; sourceTree = "<group>"; };
		2BADFE192B063D8300A7A25F /* qrmatrixboard.h */ = {isa = PBXFileReference; fileEncoding = 4; lastKnownFileType = sourcecode.c.h; path = qrmatrixboard.h; sourceTree = "<group>"; };
		2BADFE1A2B063D8300A7A25F /* qrmatrixencoder.cpp */ = {isa = PBXFileReference; fileEncoding = 4; lastKnownFileType = sourcecode.cpp.cpp; path = qrmatrixencoder.cpp; sourceTree = "<group>"; };
		2BADFE1B2B063D8300A7A25F /* qrmatrixencoder.h */ = {isa = PBXFileReference; fileEncoding = 4; lastKnownFileType = sourcecode.c.h; path = qrmatrixencoder.h; sourceTree = "<group>"; };
		2BADFE1C2B063D8300A7A25F /* qrmatrixextramode.cpp */ = {isa = PBXFileReference; fileEncoding = 4; lastKnownFileType = sourcecode.cpp.cpp; path = qrmatrixextramode.cpp; sourceTree = "<group>"; };
		2BADFE1D2B063D8300A7A25F /* qrmatrixextramode.h */ = {isa = PBXFileReference; fileEncoding = 4; lastKnownFileType = sourcecode.c.h; path = qrmatrixextramode.h; sourceTree = "<group>"; };
		2BADFE1E2B063D8300A7A25F /* qrmatrixsegment.cpp */ = {isa = PBXFileReference; fileEncoding = 4; lastKnownFileType = sourcecode.cpp.cpp; path = qrmatrixsegment.cpp; sourceTree = "<group>"; };
		2BADFE1F2B063D8300A7A25F /* qrmatrixsegment.h */ = {isa = PBXFileReference; fileEncoding = 4; lastKnownFileType = sourcecode.c.h; path = qrmatrixsegment.h; sourceTree = "<group>"; };
/* End PBXFileReference section */

/* Begin PBXFrameworksBuildPhase section */
		2B6BD9802AF25421005C70E5 /* Frameworks */ = {
			isa = PBXFrameworksBuildPhase;
			buildActionMask = 2147483647;
			files = (
				2B6BDA092AF2645C005C70E5 /* CoreGraphics.framework in Frameworks */,
				2B6BDA4F2AF276C4005C70E5 /* AppKit.framework in Frameworks */,
			);
			runOnlyForDeploymentPostprocessing = 0;
		};
/* End PBXFrameworksBuildPhase section */

/* Begin PBXGroup section */
		2B6BD9792AF25421005C70E5 = {
			isa = PBXGroup;
			children = (
				2B6BD9852AF25421005C70E5 /* QRMatrix */,
				2B6BD9842AF25421005C70E5 /* Products */,
				2B6BDA052AF26444005C70E5 /* Frameworks */,
			);
			sourceTree = "<group>";
		};
		2B6BD9842AF25421005C70E5 /* Products */ = {
			isa = PBXGroup;
			children = (
				2B6BD9832AF25421005C70E5 /* QRMatrix.framework */,
			);
			name = Products;
			sourceTree = "<group>";
		};
		2B6BD9852AF25421005C70E5 /* QRMatrix */ = {
			isa = PBXGroup;
			children = (
				2B6BD9862AF25421005C70E5 /* QRMatrix.h */,
				2B6BD9B72AF2555A005C70E5 /* QRMatrixLib.h */,
				2B6BD9B82AF2555A005C70E5 /* QRMatrixLib.mm */,
				2BADFE072B063D8300A7A25F /* QRMatrix */,
				2BADFDFA2B063D8300A7A25F /* String */,
			);
			path = QRMatrix;
			sourceTree = "<group>";
		};
		2B6BDA052AF26444005C70E5 /* Frameworks */ = {
			isa = PBXGroup;
			children = (
				2B6BDA4E2AF276C4005C70E5 /* AppKit.framework */,
				2B6BDA082AF2645B005C70E5 /* CoreGraphics.framework */,
			);
			name = Frameworks;
			sourceTree = "<group>";
		};
		2BADFDFA2B063D8300A7A25F /* String */ = {
			isa = PBXGroup;
			children = (
				2BADFDFB2B063D8300A7A25F /* latinstring.cpp */,
				2BADFDFC2B063D8300A7A25F /* latinstring.h */,
				2BADFDFD2B063D8300A7A25F /* shiftjisstring.cpp */,
				2BADFDFE2B063D8300A7A25F /* shiftjisstring.h */,
				2BADFDFF2B063D8300A7A25F /* shiftjisstringmap.cpp */,
				2BADFE002B063D8300A7A25F /* shiftjisstringmap.h */,
				2BADFE012B063D8300A7A25F /* unicodepoint.cpp */,
				2BADFE022B063D8300A7A25F /* unicodepoint.h */,
				2BADFE032B063D8300A7A25F /* utf16string.cpp */,
				2BADFE042B063D8300A7A25F /* utf16string.h */,
				2BADFE052B063D8300A7A25F /* utf8string.cpp */,
				2BADFE062B063D8300A7A25F /* utf8string.h */,
			);
			name = String;
			path = ../../../../../String;
			sourceTree = "<group>";
		};
		2BADFE072B063D8300A7A25F /* QRMatrix */ = {
			isa = PBXGroup;
			children = (
				2BADFE082B063D8300A7A25F /* common.cpp */,
				2BADFE092B063D8300A7A25F /* common.h */,
				2BADFE0A2B063D8300A7A25F /* constants.h */,
				2BADFE0B2B063D8300A7A25F /* Encoder */,
				2BADFE122B063D8300A7A25F /* Exception */,
				2BADFE152B063D8300A7A25F /* Polynomial */,
				2BADFE182B063D8300A7A25F /* qrmatrixboard.cpp */,
				2BADFE192B063D8300A7A25F /* qrmatrixboard.h */,
				2BADFE1A2B063D8300A7A25F /* qrmatrixencoder.cpp */,
				2BADFE1B2B063D8300A7A25F /* qrmatrixencoder.h */,
				2BADFE1C2B063D8300A7A25F /* qrmatrixextramode.cpp */,
				2BADFE1D2B063D8300A7A25F /* qrmatrixextramode.h */,
				2BADFE1E2B063D8300A7A25F /* qrmatrixsegment.cpp */,
				2BADFE1F2B063D8300A7A25F /* qrmatrixsegment.h */,
			);
			name = QRMatrix;
			path = ../../../../../QRMatrix;
			sourceTree = "<group>";
		};
		2BADFE0B2B063D8300A7A25F /* Encoder */ = {
			isa = PBXGroup;
			children = (
				2BADFE0C2B063D8300A7A25F /* alphanumericencoder.cpp */,
				2BADFE0D2B063D8300A7A25F /* alphanumericencoder.h */,
				2BADFE0E2B063D8300A7A25F /* kanjiencoder.cpp */,
				2BADFE0F2B063D8300A7A25F /* kanjiencoder.h */,
				2BADFE102B063D8300A7A25F /* numericencoder.cpp */,
				2BADFE112B063D8300A7A25F /* numericencoder.h */,
			);
			path = Encoder;
			sourceTree = "<group>";
		};
		2BADFE122B063D8300A7A25F /* Exception */ = {
			isa = PBXGroup;
			children = (
				2BADFE132B063D8300A7A25F /* qrmatrixexception.cpp */,
				2BADFE142B063D8300A7A25F /* qrmatrixexception.h */,
			);
			path = Exception;
			sourceTree = "<group>";
		};
		2BADFE152B063D8300A7A25F /* Polynomial */ = {
			isa = PBXGroup;
			children = (
				2BADFE162B063D8300A7A25F /* polynomial.cpp */,
				2BADFE172B063D8300A7A25F /* polynomial.h */,
			);
			path = Polynomial;
			sourceTree = "<group>";
		};
/* End PBXGroup section */

/* Begin PBXHeadersBuildPhase section */
		2B6BD97E2AF25421005C70E5 /* Headers */ = {
			isa = PBXHeadersBuildPhase;
			buildActionMask = 2147483647;
			files = (
				2BADFE2E2B063D8300A7A25F /* constants.h in Headers */,
				2BADFE2B2B063D8300A7A25F /* utf8string.h in Headers */,
				2BADFE2D2B063D8300A7A25F /* common.h in Headers */,
				2BADFE212B063D8300A7A25F /* latinstring.h in Headers */,
				2BADFE252B063D8300A7A25F /* shiftjisstringmap.h in Headers */,
				2BADFE3A2B063D8300A7A25F /* qrmatrixboard.h in Headers */,
				2BADFE232B063D8300A7A25F /* shiftjisstring.h in Headers */,
				2BADFE292B063D8300A7A25F /* utf16string.h in Headers */,
				2BADFE3E2B063D8300A7A25F /* qrmatrixextramode.h in Headers */,
				2B6BD9B92AF2555A005C70E5 /* QRMatrixLib.h in Headers */,
				2BADFE362B063D8300A7A25F /* qrmatrixexception.h in Headers */,
				2BADFE302B063D8300A7A25F /* alphanumericencoder.h in Headers */,
				2BADFE402B063D8300A7A25F /* qrmatrixsegment.h in Headers */,
				2BADFE342B063D8300A7A25F /* numericencoder.h in Headers */,
				2BADFE322B063D8300A7A25F /* kanjiencoder.h in Headers */,
				2B6BD9872AF25421005C70E5 /* QRMatrix.h in Headers */,
				2BADFE382B063D8300A7A25F /* polynomial.h in Headers */,
				2BADFE3C2B063D8300A7A25F /* qrmatrixencoder.h in Headers */,
				2BADFE272B063D8300A7A25F /* unicodepoint.h in Headers */,
			);
			runOnlyForDeploymentPostprocessing = 0;
		};
/* End PBXHeadersBuildPhase section */

/* Begin PBXNativeTarget section */
		2B6BD9822AF25421005C70E5 /* QRMatrix */ = {
			isa = PBXNativeTarget;
			buildConfigurationList = 2B6BD98A2AF25421005C70E5 /* Build configuration list for PBXNativeTarget "QRMatrix" */;
			buildPhases = (
				2B6BD97E2AF25421005C70E5 /* Headers */,
				2B6BD97F2AF25421005C70E5 /* Sources */,
				2B6BD9802AF25421005C70E5 /* Frameworks */,
				2B6BD9812AF25421005C70E5 /* Resources */,
			);
			buildRules = (
			);
			dependencies = (
			);
			name = QRMatrix;
			productName = QRMatrix;
			productReference = 2B6BD9832AF25421005C70E5 /* QRMatrix.framework */;
			productType = "com.apple.product-type.framework";
		};
/* End PBXNativeTarget section */

/* Begin PBXProject section */
		2B6BD97A2AF25421005C70E5 /* Project object */ = {
			isa = PBXProject;
			attributes = {
				BuildIndependentTargetsInParallel = 1;
				LastUpgradeCheck = 1420;
				TargetAttributes = {
					2B6BD9822AF25421005C70E5 = {
						CreatedOnToolsVersion = 14.2;
					};
				};
			};
			buildConfigurationList = 2B6BD97D2AF25421005C70E5 /* Build configuration list for PBXProject "QRMatrix" */;
			compatibilityVersion = "Xcode 14.0";
			developmentRegion = en;
			hasScannedForEncodings = 0;
			knownRegions = (
				en,
				Base,
			);
			mainGroup = 2B6BD9792AF25421005C70E5;
			productRefGroup = 2B6BD9842AF25421005C70E5 /* Products */;
			projectDirPath = "";
			projectRoot = "";
			targets = (
				2B6BD9822AF25421005C70E5 /* QRMatrix */,
			);
		};
/* End PBXProject section */

/* Begin PBXResourcesBuildPhase section */
		2B6BD9812AF25421005C70E5 /* Resources */ = {
			isa = PBXResourcesBuildPhase;
			buildActionMask = 2147483647;
			files = (
			);
			runOnlyForDeploymentPostprocessing = 0;
		};
/* End PBXResourcesBuildPhase section */

/* Begin PBXSourcesBuildPhase section */
		2B6BD97F2AF25421005C70E5 /* Sources */ = {
			isa = PBXSourcesBuildPhase;
			buildActionMask = 2147483647;
			files = (
				2BADFE3F2B063D8300A7A25F /* qrmatrixsegment.cpp in Sources */,
				2BADFE2F2B063D8300A7A25F /* alphanumericencoder.cpp in Sources */,
				2BADFE222B063D8300A7A25F /* shiftjisstring.cpp in Sources */,
				2BADFE372B063D8300A7A25F /* polynomial.cpp in Sources */,
				2BADFE282B063D8300A7A25F /* utf16string.cpp in Sources */,
				2B6BD9BA2AF2555A005C70E5 /* QRMatrixLib.mm in Sources */,
				2BADFE312B063D8300A7A25F /* kanjiencoder.cpp in Sources */,
				2BADFE3B2B063D8300A7A25F /* qrmatrixencoder.cpp in Sources */,
				2BADFE3D2B063D8300A7A25F /* qrmatrixextramode.cpp in Sources */,
				2BADFE352B063D8300A7A25F /* qrmatrixexception.cpp in Sources */,
				2BADFE202B063D8300A7A25F /* latinstring.cpp in Sources */,
				2BADFE392B063D8300A7A25F /* qrmatrixboard.cpp in Sources */,
				2BADFE2C2B063D8300A7A25F /* common.cpp in Sources */,
				2BADFE262B063D8300A7A25F /* unicodepoint.cpp in Sources */,
				2BADFE332B063D8300A7A25F /* numericencoder.cpp in Sources */,
				2BADFE242B063D8300A7A25F /* shiftjisstringmap.cpp in Sources */,
				2BADFE2A2B063D8300A7A25F /* utf8string.cpp in Sources */,
			);
			runOnlyForDeploymentPostprocessing = 0;
		};
/* End PBXSourcesBuildPhase section */

/* Begin XCBuildConfiguration section */
		2B6BD9882AF25421005C70E5 /* Debug */ = {
			isa = XCBuildConfiguration;
			buildSettings = {
				ALWAYS_SEARCH_USER_PATHS = NO;
				CLANG_ANALYZER_NONNULL = YES;
				CLANG_ANALYZER_NUMBER_OBJECT_CONVERSION = YES_AGGRESSIVE;
				CLANG_CXX_LANGUAGE_STANDARD = "gnu++20";
				CLANG_ENABLE_MODULES = YES;
				CLANG_ENABLE_OBJC_ARC = YES;
				CLANG_ENABLE_OBJC_WEAK = YES;
				CLANG_WARN_BLOCK_CAPTURE_AUTORELEASING = YES;
				CLANG_WARN_BOOL_CONVERSION = YES;
				CLANG_WARN_COMMA = YES;
				CLANG_WARN_CONSTANT_CONVERSION = YES;
				CLANG_WARN_DEPRECATED_OBJC_IMPLEMENTATIONS = YES;
				CLANG_WARN_DIRECT_OBJC_ISA_USAGE = YES_ERROR;
				CLANG_WARN_DOCUMENTATION_COMMENTS = YES;
				CLANG_WARN_EMPTY_BODY = YES;
				CLANG_WARN_ENUM_CONVERSION = YES;
				CLANG_WARN_INFINITE_RECURSION = YES;
				CLANG_WARN_INT_CONVERSION = YES;
				CLANG_WARN_NON_LITERAL_NULL_CONVERSION = YES;
				CLANG_WARN_OBJC_IMPLICIT_RETAIN_SELF = YES;
				CLANG_WARN_OBJC_LITERAL_CONVERSION = YES;
				CLANG_WARN_OBJC_ROOT_CLASS = YES_ERROR;
				CLANG_WARN_QUOTED_INCLUDE_IN_FRAMEWORK_HEADER = YES;
				CLANG_WARN_RANGE_LOOP_ANALYSIS = YES;
				CLANG_WARN_STRICT_PROTOTYPES = YES;
				CLANG_WARN_SUSPICIOUS_MOVE = YES;
				CLANG_WARN_UNGUARDED_AVAILABILITY = YES_AGGRESSIVE;
				CLANG_WARN_UNREACHABLE_CODE = YES;
				CLANG_WARN__DUPLICATE_METHOD_MATCH = YES;
				COPY_PHASE_STRIP = NO;
				CURRENT_PROJECT_VERSION = 1;
				DEBUG_INFORMATION_FORMAT = dwarf;
				ENABLE_STRICT_OBJC_MSGSEND = YES;
				ENABLE_TESTABILITY = YES;
				GCC_C_LANGUAGE_STANDARD = gnu11;
				GCC_DYNAMIC_NO_PIC = NO;
				GCC_NO_COMMON_BLOCKS = YES;
				GCC_OPTIMIZATION_LEVEL = 0;
				GCC_PREPROCESSOR_DEFINITIONS = (
					"DEBUG=1",
					"$(inherited)",
				);
				GCC_WARN_64_TO_32_BIT_CONVERSION = YES;
				GCC_WARN_ABOUT_RETURN_TYPE = YES_ERROR;
				GCC_WARN_UNDECLARED_SELECTOR = YES;
				GCC_WARN_UNINITIALIZED_AUTOS = YES_AGGRESSIVE;
				GCC_WARN_UNUSED_FUNCTION = YES;
				GCC_WARN_UNUSED_VARIABLE = YES;
				IPHONEOS_DEPLOYMENT_TARGET = 11.0;
				MACOSX_DEPLOYMENT_TARGET = 11.0;
				MTL_ENABLE_DEBUG_INFO = INCLUDE_SOURCE;
				MTL_FAST_MATH = YES;
				ONLY_ACTIVE_ARCH = YES;
				SDKROOT = macosx13.1;
				VERSIONING_SYSTEM = "apple-generic";
				VERSION_INFO_PREFIX = "";
			};
			name = Debug;
		};
		2B6BD9892AF25421005C70E5 /* Release */ = {
			isa = XCBuildConfiguration;
			buildSettings = {
				ALWAYS_SEARCH_USER_PATHS = NO;
				CLANG_ANALYZER_NONNULL = YES;
				CLANG_ANALYZER_NUMBER_OBJECT_CONVERSION = YES_AGGRESSIVE;
				CLANG_CXX_LANGUAGE_STANDARD = "gnu++20";
				CLANG_ENABLE_MODULES = YES;
				CLANG_ENABLE_OBJC_ARC = YES;
				CLANG_ENABLE_OBJC_WEAK = YES;
				CLANG_WARN_BLOCK_CAPTURE_AUTORELEASING = YES;
				CLANG_WARN_BOOL_CONVERSION = YES;
				CLANG_WARN_COMMA = YES;
				CLANG_WARN_CONSTANT_CONVERSION = YES;
				CLANG_WARN_DEPRECATED_OBJC_IMPLEMENTATIONS = YES;
				CLANG_WARN_DIRECT_OBJC_ISA_USAGE = YES_ERROR;
				CLANG_WARN_DOCUMENTATION_COMMENTS = YES;
				CLANG_WARN_EMPTY_BODY = YES;
				CLANG_WARN_ENUM_CONVERSION = YES;
				CLANG_WARN_INFINITE_RECURSION = YES;
				CLANG_WARN_INT_CONVERSION = YES;
				CLANG_WARN_NON_LITERAL_NULL_CONVERSION = YES;
				CLANG_WARN_OBJC_IMPLICIT_RETAIN_SELF = YES;
				CLANG_WARN_OBJC_LITERAL_CONVERSION = YES;
				CLANG_WARN_OBJC_ROOT_CLASS = YES_ERROR;
				CLANG_WARN_QUOTED_INCLUDE_IN_FRAMEWORK_HEADER = YES;
				CLANG_WARN_RANGE_LOOP_ANALYSIS = YES;
				CLANG_WARN_STRICT_PROTOTYPES = YES;
				CLANG_WARN_SUSPICIOUS_MOVE = YES;
				CLANG_WARN_UNGUARDED_AVAILABILITY = YES_AGGRESSIVE;
				CLANG_WARN_UNREACHABLE_CODE = YES;
				CLANG_WARN__DUPLICATE_METHOD_MATCH = YES;
				COPY_PHASE_STRIP = NO;
				CURRENT_PROJECT_VERSION = 1;
				DEBUG_INFORMATION_FORMAT = "dwarf-with-dsym";
				ENABLE_NS_ASSERTIONS = NO;
				ENABLE_STRICT_OBJC_MSGSEND = YES;
				GCC_C_LANGUAGE_STANDARD = gnu11;
				GCC_NO_COMMON_BLOCKS = YES;
				GCC_WARN_64_TO_32_BIT_CONVERSION = YES;
				GCC_WARN_ABOUT_RETURN_TYPE = YES_ERROR;
				GCC_WARN_UNDECLARED_SELECTOR = YES;
				GCC_WARN_UNINITIALIZED_AUTOS = YES_AGGRESSIVE;
				GCC_WARN_UNUSED_FUNCTION = YES;
				GCC_WARN_UNUSED_VARIABLE = YES;
				IPHONEOS_DEPLOYMENT_TARGET = 11.0;
				MACOSX_DEPLOYMENT_TARGET = 11.0;
				MTL_ENABLE_DEBUG_INFO = NO;
				MTL_FAST_MATH = YES;
				SDKROOT = macosx13.1;
				VALIDATE_PRODUCT = YES;
				VERSIONING_SYSTEM = "apple-generic";
				VERSION_INFO_PREFIX = "";
			};
			name = Release;
		};
		2B6BD98B2AF25421005C70E5 /* Debug */ = {
			isa = XCBuildConfiguration;
			buildSettings = {
				CODE_SIGN_IDENTITY = "Apple Development";
				CODE_SIGN_STYLE = Automatic;
				CURRENT_PROJECT_VERSION = 1;
				DEFINES_MODULE = YES;
				DEVELOPMENT_TEAM = "";
				DYLIB_COMPATIBILITY_VERSION = 1;
				DYLIB_CURRENT_VERSION = 1;
				DYLIB_INSTALL_NAME_BASE = "@rpath";
				GENERATE_INFOPLIST_FILE = YES;
				INFOPLIST_KEY_NSHumanReadableCopyright = "";
				INSTALL_PATH = "$(LOCAL_LIBRARY_DIR)/Frameworks";
				LD_RUNPATH_SEARCH_PATHS = (
					"$(inherited)",
					"@executable_path/Frameworks",
					"@loader_path/Frameworks",
				);
				MARKETING_VERSION = 1.0;
				PRODUCT_BUNDLE_IDENTIFIER = pqd.soleil.QRMatrix;
				PRODUCT_NAME = "$(TARGET_NAME:c99extidentifier)";
				PROVISIONING_PROFILE_SPECIFIER = "";
				SKIP_INSTALL = YES;
				SWIFT_EMIT_LOC_STRINGS = YES;
				TARGETED_DEVICE_FAMILY = "1,2";
			};
			name = Debug;
		};
		2B6BD98C2AF25421005C70E5 /* Release */ = {
			isa = XCBuildConfiguration;
			buildSettings = {
				CODE_SIGN_IDENTITY = "Apple Development";
				CODE_SIGN_STYLE = Automatic;
				CURRENT_PROJECT_VERSION = 1;
				DEFINES_MODULE = YES;
				DEVELOPMENT_TEAM = "";
				DYLIB_COMPATIBILITY_VERSION = 1;
				DYLIB_CURRENT_VERSION = 1;
				DYLIB_INSTALL_NAME_BASE = "@rpath";
				GENERATE_INFOPLIST_FILE = YES;
				INFOPLIST_KEY_NSHumanReadableCopyright = "";
				INSTALL_PATH = "$(LOCAL_LIBRARY_DIR)/Frameworks";
				LD_RUNPATH_SEARCH_PATHS = (
					"$(inherited)",
					"@executable_path/Frameworks",
					"@loader_path/Frameworks",
				);
				MARKETING_VERSION = 1.0;
				PRODUCT_BUNDLE_IDENTIFIER = pqd.soleil.QRMatrix;
				PRODUCT_NAME = "$(TARGET_NAME:c99extidentifier)";
				PROVISIONING_PROFILE_SPECIFIER = "";
				SKIP_INSTALL = YES;
				SWIFT_EMIT_LOC_STRINGS = YES;
				TARGETED_DEVICE_FAMILY = "1,2";
			};
			name = Release;
		};
/* End XCBuildConfiguration section */

/* Begin XCConfigurationList section */
		2B6BD97D2AF25421005C70E5 /* Build configuration list for PBXProject "QRMatrix" */ = {
			isa = XCConfigurationList;
			buildConfigurations = (
				2B6BD9882AF25421005C70E5 /* Debug */,
				2B6BD9892AF25421005C70E5 /* Release */,
			);
			defaultConfigurationIsVisible = 0;
			defaultConfigurationName = Release;
		};
		2B6BD98A2AF25421005C70E5 /* Build configuration list for PBXNativeTarget "QRMatrix" */ = {
			isa = XCConfigurationList;
			buildConfigurations = (
				2B6BD98B2AF25421005C70E5 /* Debug */,
				2B6BD98C2AF25421005C70E5 /* Release */,
			);
			defaultConfigurationIsVisible = 0;
			defaultConfigurationName = Release;
		};
/* End XCConfigurationList section */
	};
	rootObject = 2B6BD97A2AF25421005C70E5 /* Project object */;
}
